
Microsoft Visual Studio Solution File, Format Version 12.00
# Visual Studio Version 17
VisualStudioVersion = 17.8.34511.84
MinimumVisualStudioVersion = 10.0.40219.1
Project("{8BC9CEB8-8B4A-11D0-8D11-00A0C91BC942}") = "ffx_fsr1", "ffx_fsr1.vcxproj", "{3900F52E-2608-4159-AF77-5B648EFE61B8}"
EndProject
Project("{8BC9CEB8-8B4A-11D0-8D11-00A0C91BC942}") = "ffx", "ffx.vcxproj", "{8A1AE7B3-1A76-4E87-BDFE-04E0258EC52D}"
EndProject
Project("{8BC9CEB8-8B4A-11D0-8D11-00A0C91BC942}") = "ffx_blur", "ffx_blur.vcxproj", "{CC2EF0A3-6784-4054-9729-766A143EBEA9}"
EndProject
Project("{8BC9CEB8-8B4A-11D0-8D11-00A0C91BC942}") = "ffx_cas", "ffx_cas.vcxproj", "{7AC47E16-B581-4542-AC4E-006699B8EEF0}"
EndProject
Project("{8BC9CEB8-8B4A-11D0-8D11-00A0C91BC942}") = "ffx_fsr2", "ffx_fsr2.vcxproj", "{2C5D5B7F-B23D-41BC-B73E-EB7B36010B9B}"
EndProject
Project("{8BC9CEB8-8B4A-11D0-8D11-00A0C91BC942}") = "ffx_spd", "ffx_spd.vcxproj", "{C63139D2-8D69-47BC-9D82-2A8A22104057}"
EndProject
Project("{8BC9CEB8-8B4A-11D0-8D11-00A0C91BC942}") = "ffx_fsr3upscaler", "ffx_fsr3upscaler.vcxproj", "{19482933-95D9-4654-8206-70B9D7E9C593}"
EndProject
Project("{8BC9CEB8-8B4A-11D0-8D11-00A0C91BC942}") = "ffx_frameinterpolation", "ffx_frameinterpolation.vcxproj", "{6A35A2D6-0D68-47F2-A617-7142FDBF06F7}"
EndProject
Project("{8BC9CEB8-8B4A-11D0-8D11-00A0C91BC942}") = "ffx_opticalflow", "ffx_opticalflow.vcxproj", "{2BBC9378-7879-4562-BFCD-A6D159B1E7E3}"
EndProject
Project("{8BC9CEB8-8B4A-11D0-8D11-00A0C91BC942}") = "ffx_fsr3", "ffx_fsr3.vcxproj", "{963ABC71-EFA5-4AF8-8F24-8111BF5F3266}"
	ProjectSection(ProjectDependencies) = postProject
		{19482933-95D9-4654-8206-70B9D7E9C593} = {19482933-95D9-4654-8206-70B9D7E9C593}
		{2BBC9378-7879-4562-BFCD-A6D159B1E7E3} = {2BBC9378-7879-4562-BFCD-A6D159B1E7E3}
		{6A35A2D6-0D68-47F2-A617-7142FDBF06F7} = {6A35A2D6-0D68-47F2-A617-7142FDBF06F7}
	EndProjectSection
EndProject
Global
	GlobalSection(SolutionConfigurationPlatforms) = preSolution
		Debug|x64 = Debug|x64
		Debug|x86 = Debug|x86
		Release|x64 = Release|x64
		Release|x86 = Release|x86
	EndGlobalSection
	GlobalSection(ProjectConfigurationPlatforms) = postSolution
		{3900F52E-2608-4159-AF77-5B648EFE61B8}.Debug|x64.ActiveCfg = Debug|x64
		{3900F52E-2608-4159-AF77-5B648EFE61B8}.Debug|x86.ActiveCfg = Debug|Win32
		{3900F52E-2608-4159-AF77-5B648EFE61B8}.Release|x64.ActiveCfg = Release|x64
		{3900F52E-2608-4159-AF77-5B648EFE61B8}.Release|x86.ActiveCfg = Release|Win32
		{8A1AE7B3-1A76-4E87-BDFE-04E0258EC52D}.Debug|x64.ActiveCfg = Debug|x64
		{8A1AE7B3-1A76-4E87-BDFE-04E0258EC52D}.Debug|x64.Build.0 = Debug|x64
		{8A1AE7B3-1A76-4E87-BDFE-04E0258EC52D}.Debug|x86.ActiveCfg = Debug|Win32
		{8A1AE7B3-1A76-4E87-BDFE-04E0258EC52D}.Debug|x86.Build.0 = Debug|Win32
		{8A1AE7B3-1A76-4E87-BDFE-04E0258EC52D}.Release|x64.ActiveCfg = Release|x64
		{8A1AE7B3-1A76-4E87-BDFE-04E0258EC52D}.Release|x64.Build.0 = Release|x64
		{8A1AE7B3-1A76-4E87-BDFE-04E0258EC52D}.Release|x86.ActiveCfg = Release|Win32
		{8A1AE7B3-1A76-4E87-BDFE-04E0258EC52D}.Release|x86.Build.0 = Release|Win32
		{CC2EF0A3-6784-4054-9729-766A143EBEA9}.Debug|x64.ActiveCfg = Debug|x64
		{CC2EF0A3-6784-4054-9729-766A143EBEA9}.Debug|x86.ActiveCfg = Debug|Win32
		{CC2EF0A3-6784-4054-9729-766A143EBEA9}.Release|x64.ActiveCfg = Release|x64
		{CC2EF0A3-6784-4054-9729-766A143EBEA9}.Release|x86.ActiveCfg = Release|Win32
		{7AC47E16-B581-4542-AC4E-006699B8EEF0}.Debug|x64.ActiveCfg = Debug|x64
		{7AC47E16-B581-4542-AC4E-006699B8EEF0}.Debug|x86.ActiveCfg = Debug|Win32
		{7AC47E16-B581-4542-AC4E-006699B8EEF0}.Release|x64.ActiveCfg = Release|x64
		{7AC47E16-B581-4542-AC4E-006699B8EEF0}.Release|x86.ActiveCfg = Release|Win32
		{2C5D5B7F-B23D-41BC-B73E-EB7B36010B9B}.Debug|x64.ActiveCfg = Debug|x64
		{2C5D5B7F-B23D-41BC-B73E-EB7B36010B9B}.Debug|x86.ActiveCfg = Debug|Win32
		{2C5D5B7F-B23D-41BC-B73E-EB7B36010B9B}.Release|x64.ActiveCfg = Release|x64
		{2C5D5B7F-B23D-41BC-B73E-EB7B36010B9B}.Release|x86.ActiveCfg = Release|Win32
		{C63139D2-8D69-47BC-9D82-2A8A22104057}.Debug|x64.ActiveCfg = Debug|x64
		{C63139D2-8D69-47BC-9D82-2A8A22104057}.Debug|x86.ActiveCfg = Debug|Win32
		{C63139D2-8D69-47BC-9D82-2A8A22104057}.Release|x64.ActiveCfg = Release|x64
		{C63139D2-8D69-47BC-9D82-2A8A22104057}.Release|x86.ActiveCfg = Release|Win32
		{19482933-95D9-4654-8206-70B9D7E9C593}.Debug|x64.ActiveCfg = Debug|x64
		{19482933-95D9-4654-8206-70B9D7E9C593}.Debug|x86.ActiveCfg = Debug|Win32
		{19482933-95D9-4654-8206-70B9D7E9C593}.Release|x64.ActiveCfg = Release|x64
		{19482933-95D9-4654-8206-70B9D7E9C593}.Release|x86.ActiveCfg = Release|Win32
		{6A35A2D6-0D68-47F2-A617-7142FDBF06F7}.Debug|x64.ActiveCfg = Debug|x64
		{6A35A2D6-0D68-47F2-A617-7142FDBF06F7}.Debug|x86.ActiveCfg = Debug|Win32
		{6A35A2D6-0D68-47F2-A617-7142FDBF06F7}.Release|x64.ActiveCfg = Release|x64
		{6A35A2D6-0D68-47F2-A617-7142FDBF06F7}.Release|x86.ActiveCfg = Release|Win32
		{2BBC9378-7879-4562-BFCD-A6D159B1E7E3}.Debug|x64.ActiveCfg = Debug|x64
		{2BBC9378-7879-4562-BFCD-A6D159B1E7E3}.Debug|x86.ActiveCfg = Debug|Win32
		{2BBC9378-7879-4562-BFCD-A6D159B1E7E3}.Release|x64.ActiveCfg = Release|x64
		{2BBC9378-7879-4562-BFCD-A6D159B1E7E3}.Release|x86.ActiveCfg = Release|Win32
		{963ABC71-EFA5-4AF8-8F24-8111BF5F3266}.Debug|x64.ActiveCfg = Debug|x64
		{963ABC71-EFA5-4AF8-8F24-8111BF5F3266}.Debug|x64.Build.0 = Debug|x64
		{963ABC71-EFA5-4AF8-8F24-8111BF5F3266}.Debug|x86.ActiveCfg = Debug|Win32
		{963ABC71-EFA5-4AF8-8F24-8111BF5F3266}.Debug|x86.Build.0 = Debug|Win32
		{963ABC71-EFA5-4AF8-8F24-8111BF5F3266}.Release|x64.ActiveCfg = Release|x64
		{963ABC71-EFA5-4AF8-8F24-8111BF5F3266}.Release|x64.Build.0 = Release|x64
		{963ABC71-EFA5-4AF8-8F24-8111BF5F3266}.Release|x86.ActiveCfg = Release|Win32
		{963ABC71-EFA5-4AF8-8F24-8111BF5F3266}.Release|x86.Build.0 = Release|Win32
	EndGlobalSection
	GlobalSection(SolutionProperties) = preSolution
		HideSolutionNode = FALSE
	EndGlobalSection
	GlobalSection(ExtensibilityGlobals) = postSolution
		SolutionGuid = {5CCACA2B-4F04-4DA5-B151-B622D2BF1BB3}
	EndGlobalSection
EndGlobal
