<?xml version="1.0" encoding="utf-8"?>
<Project ToolsVersion="4.0" xmlns="http://schemas.microsoft.com/developer/msbuild/2003">
  <ItemGroup>
    <Filter Include="gpu">
      <UniqueIdentifier>{c0c6204d-d2f3-4054-9f61-43298beb9e60}</UniqueIdentifier>
    </Filter>
    <Filter Include="host">
      <UniqueIdentifier>{57149e49-524a-4f7c-88cb-7f21c050a28b}</UniqueIdentifier>
    </Filter>
    <Filter Include="host\backends">
      <UniqueIdentifier>{92ebecfe-210a-4b62-8211-4eb92d024d8b}</UniqueIdentifier>
    </Filter>
    <Filter Include="host\backends\blob_accessors">
      <UniqueIdentifier>{31f5323f-92f3-44d2-bda9-7d29933ffffd}</UniqueIdentifier>
    </Filter>
    <Filter Include="host\backends\hlsl">
      <UniqueIdentifier>{e72a8aa7-a1fd-48df-abad-ed0bde3d2148}</UniqueIdentifier>
    </Filter>
    <Filter Include="host\components">
      <UniqueIdentifier>{fea07f60-e530-4173-b1e7-d76dff7298be}</UniqueIdentifier>
    </Filter>
    <Filter Include="host\backends\blob_accessors\permutations">
      <UniqueIdentifier>{ea351e25-93b5-48d7-add2-a3ab026f01ed}</UniqueIdentifier>
    </Filter>
    <Filter Include="host\backends\dx11">
      <UniqueIdentifier>{32fffe53-140f-4ebe-836e-c43e19a2cdc8}</UniqueIdentifier>
    </Filter>
    <Filter Include="gpu\opticalflow">
      <UniqueIdentifier>{2f58ea1e-d0af-4b9a-87a5-c88a3ff9579a}</UniqueIdentifier>
    </Filter>
    <Filter Include="host\backends\hlsl\opticalflow">
      <UniqueIdentifier>{90968b67-f85e-4084-a8d8-a1b422e33e3f}</UniqueIdentifier>
    </Filter>
    <Filter Include="host\components\opticalflow">
      <UniqueIdentifier>{b2c8e6a8-3e11-4507-b648-00a5c7492bb3}</UniqueIdentifier>
    </Filter>
  </ItemGroup>
  <ItemGroup>
    <ClInclude Include="host\backends\ffx_shader_blobs.h">
      <Filter>host\backends</Filter>
    </ClInclude>
    <ClInclude Include="host\backends\dx11\ffx_dx11.h">
      <Filter>host\backends\dx11</Filter>
    </ClInclude>
    <ClInclude Include="gpu\opticalflow\ffx_opticalflow_callbacks_hlsl.h">
      <Filter>gpu\opticalflow</Filter>
    </ClInclude>
    <ClInclude Include="gpu\opticalflow\ffx_opticalflow_common.h">
      <Filter>gpu\opticalflow</Filter>
    </ClInclude>
    <ClInclude Include="gpu\opticalflow\ffx_opticalflow_compute_luminance_pyramid.h">
      <Filter>gpu\opticalflow</Filter>
    </ClInclude>
    <ClInclude Include="gpu\opticalflow\ffx_opticalflow_compute_optical_flow_v5.h">
      <Filter>gpu\opticalflow</Filter>
    </ClInclude>
    <ClInclude Include="gpu\opticalflow\ffx_opticalflow_compute_scd_divergence.h">
      <Filter>gpu\opticalflow</Filter>
    </ClInclude>
    <ClInclude Include="gpu\opticalflow\ffx_opticalflow_filter_optical_flow_v5.h">
      <Filter>gpu\opticalflow</Filter>
    </ClInclude>
    <ClInclude Include="gpu\opticalflow\ffx_opticalflow_generate_scd_histogram.h">
      <Filter>gpu\opticalflow</Filter>
    </ClInclude>
    <ClInclude Include="gpu\opticalflow\ffx_opticalflow_prepare_luma.h">
      <Filter>gpu\opticalflow</Filter>
    </ClInclude>
    <ClInclude Include="gpu\opticalflow\ffx_opticalflow_resources.h">
      <Filter>gpu\opticalflow</Filter>
    </ClInclude>
    <ClInclude Include="gpu\opticalflow\ffx_opticalflow_scale_optical_flow_advanced_v5.h">
      <Filter>gpu\opticalflow</Filter>
    </ClInclude>
    <ClInclude Include="host\backends\blob_accessors\ffx_opticalflow_shaderblobs.h">
      <Filter>host\backends\blob_accessors</Filter>
    </ClInclude>
    <ClInclude Include="host\components\opticalflow\ffx_opticalflow.h">
      <Filter>host\components\opticalflow</Filter>
    </ClInclude>
    <ClInclude Include="host\components\opticalflow\ffx_opticalflow_private.h">
      <Filter>host\components\opticalflow</Filter>
    </ClInclude>
  </ItemGroup>
  <ItemGroup>
    <ClCompile Include="host\backends\ffx_shader_blobs.cpp">
      <Filter>host\backends</Filter>
    </ClCompile>
    <ClCompile Include="host\backends\dx11\ffx_dx11.cpp">
      <Filter>host\backends\dx11</Filter>
    </ClCompile>
    <ClCompile Include="host\backends\blob_accessors\ffx_opticalflow_shaderblobs.cpp">
      <Filter>host\backends\blob_accessors</Filter>
    </ClCompile>
    <ClCompile Include="host\components\opticalflow\ffx_opticalflow.cpp">
      <Filter>host\components\opticalflow</Filter>
    </ClCompile>
  </ItemGroup>
  <ItemGroup>
    <FxCompile Include="host\backends\hlsl\opticalflow\ffx_opticalflow_compute_luminance_pyramid_pass.hlsl">
      <Filter>host\backends\hlsl\opticalflow</Filter>
    </FxCompile>
    <FxCompile Include="host\backends\hlsl\opticalflow\ffx_opticalflow_compute_optical_flow_advanced_pass_v5.hlsl">
      <Filter>host\backends\hlsl\opticalflow</Filter>
    </FxCompile>
    <FxCompile Include="host\backends\hlsl\opticalflow\ffx_opticalflow_compute_scd_divergence_pass.hlsl">
      <Filter>host\backends\hlsl\opticalflow</Filter>
    </FxCompile>
    <FxCompile Include="host\backends\hlsl\opticalflow\ffx_opticalflow_filter_optical_flow_pass_v5.hlsl">
      <Filter>host\backends\hlsl\opticalflow</Filter>
    </FxCompile>
    <FxCompile Include="host\backends\hlsl\opticalflow\ffx_opticalflow_generate_scd_histogram_pass.hlsl">
      <Filter>host\backends\hlsl\opticalflow</Filter>
    </FxCompile>
    <FxCompile Include="host\backends\hlsl\opticalflow\ffx_opticalflow_prepare_luma_pass.hlsl">
      <Filter>host\backends\hlsl\opticalflow</Filter>
    </FxCompile>
    <FxCompile Include="host\backends\hlsl\opticalflow\ffx_opticalflow_scale_optical_flow_advanced_pass_v5.hlsl">
      <Filter>host\backends\hlsl\opticalflow</Filter>
    </FxCompile>
    <FxCompile Include="host\backends\blob_accessors\permutations\ffx_opticalflow_compute_luminance_pyramid_pass_16bit_permutations_0.hlsl">
      <Filter>host\backends\blob_accessors\permutations</Filter>
    </FxCompile>
    <FxCompile Include="host\backends\blob_accessors\permutations\ffx_opticalflow_compute_luminance_pyramid_pass_16bit_permutations_1.hlsl">
      <Filter>host\backends\blob_accessors\permutations</Filter>
    </FxCompile>
    <FxCompile Include="host\backends\blob_accessors\permutations\ffx_opticalflow_compute_luminance_pyramid_pass_permutations_0.hlsl">
      <Filter>host\backends\blob_accessors\permutations</Filter>
    </FxCompile>
    <FxCompile Include="host\backends\blob_accessors\permutations\ffx_opticalflow_compute_luminance_pyramid_pass_permutations_1.hlsl">
      <Filter>host\backends\blob_accessors\permutations</Filter>
    </FxCompile>
    <FxCompile Include="host\backends\blob_accessors\permutations\ffx_opticalflow_compute_optical_flow_advanced_pass_v5_16bit_permutations_0.hlsl">
      <Filter>host\backends\blob_accessors\permutations</Filter>
    </FxCompile>
    <FxCompile Include="host\backends\blob_accessors\permutations\ffx_opticalflow_compute_optical_flow_advanced_pass_v5_16bit_permutations_1.hlsl">
      <Filter>host\backends\blob_accessors\permutations</Filter>
    </FxCompile>
    <FxCompile Include="host\backends\blob_accessors\permutations\ffx_opticalflow_compute_optical_flow_advanced_pass_v5_permutations_0.hlsl">
      <Filter>host\backends\blob_accessors\permutations</Filter>
    </FxCompile>
    <FxCompile Include="host\backends\blob_accessors\permutations\ffx_opticalflow_compute_optical_flow_advanced_pass_v5_permutations_1.hlsl">
      <Filter>host\backends\blob_accessors\permutations</Filter>
    </FxCompile>
    <FxCompile Include="host\backends\blob_accessors\permutations\ffx_opticalflow_compute_scd_divergence_pass_16bit_permutations_0.hlsl">
      <Filter>host\backends\blob_accessors\permutations</Filter>
    </FxCompile>
    <FxCompile Include="host\backends\blob_accessors\permutations\ffx_opticalflow_compute_scd_divergence_pass_16bit_permutations_1.hlsl">
      <Filter>host\backends\blob_accessors\permutations</Filter>
    </FxCompile>
    <FxCompile Include="host\backends\blob_accessors\permutations\ffx_opticalflow_compute_scd_divergence_pass_permutations_0.hlsl">
      <Filter>host\backends\blob_accessors\permutations</Filter>
    </FxCompile>
    <FxCompile Include="host\backends\blob_accessors\permutations\ffx_opticalflow_compute_scd_divergence_pass_permutations_1.hlsl">
      <Filter>host\backends\blob_accessors\permutations</Filter>
    </FxCompile>
    <FxCompile Include="host\backends\blob_accessors\permutations\ffx_opticalflow_filter_optical_flow_pass_v5_16bit_permutations_0.hlsl">
      <Filter>host\backends\blob_accessors\permutations</Filter>
    </FxCompile>
    <FxCompile Include="host\backends\blob_accessors\permutations\ffx_opticalflow_filter_optical_flow_pass_v5_16bit_permutations_1.hlsl">
      <Filter>host\backends\blob_accessors\permutations</Filter>
    </FxCompile>
    <FxCompile Include="host\backends\blob_accessors\permutations\ffx_opticalflow_filter_optical_flow_pass_v5_permutations_0.hlsl">
      <Filter>host\backends\blob_accessors\permutations</Filter>
    </FxCompile>
    <FxCompile Include="host\backends\blob_accessors\permutations\ffx_opticalflow_filter_optical_flow_pass_v5_permutations_1.hlsl">
      <Filter>host\backends\blob_accessors\permutations</Filter>
    </FxCompile>
    <FxCompile Include="host\backends\blob_accessors\permutations\ffx_opticalflow_generate_scd_histogram_pass_16bit_permutations_0.hlsl">
      <Filter>host\backends\blob_accessors\permutations</Filter>
    </FxCompile>
    <FxCompile Include="host\backends\blob_accessors\permutations\ffx_opticalflow_generate_scd_histogram_pass_16bit_permutations_1.hlsl">
      <Filter>host\backends\blob_accessors\permutations</Filter>
    </FxCompile>
    <FxCompile Include="host\backends\blob_accessors\permutations\ffx_opticalflow_generate_scd_histogram_pass_permutations_0.hlsl">
      <Filter>host\backends\blob_accessors\permutations</Filter>
    </FxCompile>
    <FxCompile Include="host\backends\blob_accessors\permutations\ffx_opticalflow_generate_scd_histogram_pass_permutations_1.hlsl">
      <Filter>host\backends\blob_accessors\permutations</Filter>
    </FxCompile>
    <FxCompile Include="host\backends\blob_accessors\permutations\ffx_opticalflow_prepare_luma_pass_16bit_permutations_0.hlsl">
      <Filter>host\backends\blob_accessors\permutations</Filter>
    </FxCompile>
    <FxCompile Include="host\backends\blob_accessors\permutations\ffx_opticalflow_prepare_luma_pass_16bit_permutations_1.hlsl">
      <Filter>host\backends\blob_accessors\permutations</Filter>
    </FxCompile>
    <FxCompile Include="host\backends\blob_accessors\permutations\ffx_opticalflow_prepare_luma_pass_permutations_0.hlsl">
      <Filter>host\backends\blob_accessors\permutations</Filter>
    </FxCompile>
    <FxCompile Include="host\backends\blob_accessors\permutations\ffx_opticalflow_prepare_luma_pass_permutations_1.hlsl">
      <Filter>host\backends\blob_accessors\permutations</Filter>
    </FxCompile>
    <FxCompile Include="host\backends\blob_accessors\permutations\ffx_opticalflow_scale_optical_flow_advanced_pass_v5_16bit_permutations_0.hlsl">
      <Filter>host\backends\blob_accessors\permutations</Filter>
    </FxCompile>
    <FxCompile Include="host\backends\blob_accessors\permutations\ffx_opticalflow_scale_optical_flow_advanced_pass_v5_16bit_permutations_1.hlsl">
      <Filter>host\backends\blob_accessors\permutations</Filter>
    </FxCompile>
    <FxCompile Include="host\backends\blob_accessors\permutations\ffx_opticalflow_scale_optical_flow_advanced_pass_v5_permutations_0.hlsl">
      <Filter>host\backends\blob_accessors\permutations</Filter>
    </FxCompile>
    <FxCompile Include="host\backends\blob_accessors\permutations\ffx_opticalflow_scale_optical_flow_advanced_pass_v5_permutations_1.hlsl">
      <Filter>host\backends\blob_accessors\permutations</Filter>
    </FxCompile>
  </ItemGroup>
</Project>