<?xml version="1.0" encoding="utf-8"?>
<Project ToolsVersion="4.0" xmlns="http://schemas.microsoft.com/developer/msbuild/2003">
  <ItemGroup>
    <Filter Include="FidelityFX">
      <UniqueIdentifier>{c0c6204d-d2f3-4054-9f61-43298beb9e61}</UniqueIdentifier>
    </Filter>
    <Filter Include="FidelityFX\gpu">
      <UniqueIdentifier>{c0c6204d-d2f3-4054-9f61-43298beb9e60}</UniqueIdentifier>
    </Filter>
    <Filter Include="FidelityFX\host">
      <UniqueIdentifier>{57149e49-524a-4f7c-88cb-7f21c050a28b}</UniqueIdentifier>
    </Filter>
    <Filter Include="FidelityFX\host\backends">
      <UniqueIdentifier>{92ebecfe-210a-4b62-8211-4eb92d024d8b}</UniqueIdentifier>
    </Filter>
    <Filter Include="FidelityFX\host\backends\blob_accessors">
      <UniqueIdentifier>{31f5323f-92f3-44d2-bda9-7d29933ffffd}</UniqueIdentifier>
    </Filter>
    <Filter Include="FidelityFX\host\backends\hlsl">
      <UniqueIdentifier>{e72a8aa7-a1fd-48df-abad-ed0bde3d2148}</UniqueIdentifier>
    </Filter>
    <Filter Include="FidelityFX\host\components">
      <UniqueIdentifier>{fea07f60-e530-4173-b1e7-d76dff7298be}</UniqueIdentifier>
    </Filter>
    <Filter Include="FidelityFX\host\backends\blob_accessors\permutations">
      <UniqueIdentifier>{ea351e25-93b5-48d7-add2-a3ab026f01ed}</UniqueIdentifier>
    </Filter>
    <Filter Include="FidelityFX\host\backends\dx11">
      <UniqueIdentifier>{32fffe53-140f-4ebe-836e-c43e19a2cdc8}</UniqueIdentifier>
    </Filter>
    <Filter Include="FidelityFX\gpu\frameinterpolation">
      <UniqueIdentifier>{2f58ea1e-d0af-4b9a-87a5-c88a3ff9579a}</UniqueIdentifier>
    </Filter>
    <Filter Include="FidelityFX\host\backends\hlsl\frameinterpolation">
      <UniqueIdentifier>{90968b67-f85e-4084-a8d8-a1b422e33e3f}</UniqueIdentifier>
    </Filter>
    <Filter Include="FidelityFX\host\components\frameinterpolation">
      <UniqueIdentifier>{b2c8e6a8-3e11-4507-b648-00a5c7492bb3}</UniqueIdentifier>
    </Filter>
    <Filter Include="FidelityFX\host\backends\blob_accessors\permutations_amd">
      <UniqueIdentifier>{3471832c-e803-45cb-8dff-3b24852cd563}</UniqueIdentifier>
    </Filter>
    <Filter Include="FidelityFX\host\backends\blob_accessors\permutations_nvidia">
      <UniqueIdentifier>{9fb6c959-e9fb-493a-a601-3b63adee462e}</UniqueIdentifier>
    </Filter>
  </ItemGroup>
  <ItemGroup>
    <ClInclude Include="FidelityFX\host\backends\ffx_shader_blobs.h">
      <Filter>FidelityFX\host\backends</Filter>
    </ClInclude>
    <ClInclude Include="FidelityFX\host\backends\dx11\ffx_dx11.h">
      <Filter>FidelityFX\host\backends\dx11</Filter>
    </ClInclude>
    <ClInclude Include="FidelityFX\gpu\frameinterpolation\ffx_frameinterpolation.h">
      <Filter>FidelityFX\gpu\frameinterpolation</Filter>
    </ClInclude>
    <ClInclude Include="FidelityFX\gpu\frameinterpolation\ffx_frameinterpolation_callbacks_hlsl.h">
      <Filter>FidelityFX\gpu\frameinterpolation</Filter>
    </ClInclude>
    <ClInclude Include="FidelityFX\gpu\frameinterpolation\ffx_frameinterpolation_common.h">
      <Filter>FidelityFX\gpu\frameinterpolation</Filter>
    </ClInclude>
    <ClInclude Include="FidelityFX\gpu\frameinterpolation\ffx_frameinterpolation_compute_game_vector_field_inpainting_pyramid.h">
      <Filter>FidelityFX\gpu\frameinterpolation</Filter>
    </ClInclude>
    <ClInclude Include="FidelityFX\gpu\frameinterpolation\ffx_frameinterpolation_compute_inpainting_pyramid.h">
      <Filter>FidelityFX\gpu\frameinterpolation</Filter>
    </ClInclude>
    <ClInclude Include="FidelityFX\gpu\frameinterpolation\ffx_frameinterpolation_debug_view.h">
      <Filter>FidelityFX\gpu\frameinterpolation</Filter>
    </ClInclude>
    <ClInclude Include="FidelityFX\gpu\frameinterpolation\ffx_frameinterpolation_disocclusion_mask.h">
      <Filter>FidelityFX\gpu\frameinterpolation</Filter>
    </ClInclude>
    <ClInclude Include="FidelityFX\gpu\frameinterpolation\ffx_frameinterpolation_game_motion_vector_field.h">
      <Filter>FidelityFX\gpu\frameinterpolation</Filter>
    </ClInclude>
    <ClInclude Include="FidelityFX\gpu\frameinterpolation\ffx_frameinterpolation_inpainting.h">
      <Filter>FidelityFX\gpu\frameinterpolation</Filter>
    </ClInclude>
    <ClInclude Include="FidelityFX\gpu\frameinterpolation\ffx_frameinterpolation_optical_flow_vector_field.h">
      <Filter>FidelityFX\gpu\frameinterpolation</Filter>
    </ClInclude>
    <ClInclude Include="FidelityFX\gpu\frameinterpolation\ffx_frameinterpolation_reconstruct_previous_depth.h">
      <Filter>FidelityFX\gpu\frameinterpolation</Filter>
    </ClInclude>
    <ClInclude Include="FidelityFX\gpu\frameinterpolation\ffx_frameinterpolation_resources.h">
      <Filter>FidelityFX\gpu\frameinterpolation</Filter>
    </ClInclude>
    <ClInclude Include="FidelityFX\gpu\frameinterpolation\ffx_frameinterpolation_setup.h">
      <Filter>FidelityFX\gpu\frameinterpolation</Filter>
    </ClInclude>
    <ClInclude Include="FidelityFX\host\backends\blob_accessors\ffx_frameinterpolation_shaderblobs.h">
      <Filter>FidelityFX\host\backends\blob_accessors</Filter>
    </ClInclude>
    <ClInclude Include="FidelityFX\host\components\frameinterpolation\ffx_frameinterpolation_private.h">
      <Filter>FidelityFX\host\components\frameinterpolation</Filter>
    </ClInclude>
    <ClInclude Include="FidelityFX\host\ffx_frameinterpolation.h">
      <Filter>FidelityFX\host</Filter>
    </ClInclude>
    <ClInclude Include="FidelityFX\gpu\frameinterpolation\ffx_frameinterpolation_callbacks_glsl.h">
      <Filter>FidelityFX\gpu\frameinterpolation</Filter>
    </ClInclude>
    <ClInclude Include="FidelityFX\gpu\frameinterpolation\ffx_frameinterpolation_reconstruct_dilated_velocity_and_previous_depth.h">
      <Filter>FidelityFX\gpu\frameinterpolation</Filter>
    </ClInclude>
  </ItemGroup>
  <ItemGroup>
    <ClCompile Include="FidelityFX\host\backends\ffx_shader_blobs.cpp">
      <Filter>FidelityFX\host\backends</Filter>
    </ClCompile>
    <ClCompile Include="FidelityFX\host\backends\dx11\ffx_dx11.cpp">
      <Filter>FidelityFX\host\backends\dx11</Filter>
    </ClCompile>
    <ClCompile Include="FidelityFX\host\backends\blob_accessors\ffx_frameinterpolation_shaderblobs.cpp">
      <Filter>FidelityFX\host\backends\blob_accessors</Filter>
    </ClCompile>
    <ClCompile Include="FidelityFX\host\components\frameinterpolation\ffx_frameinterpolation.cpp">
      <Filter>FidelityFX\host\components\frameinterpolation</Filter>
    </ClCompile>
  </ItemGroup>
  <ItemGroup>
    <FxCompile Include="FidelityFX\host\backends\hlsl\frameinterpolation\ffx_frameinterpolation_compute_game_vector_field_inpainting_pyramid_pass.hlsl">
      <Filter>FidelityFX\host\backends\hlsl\frameinterpolation</Filter>
    </FxCompile>
    <FxCompile Include="FidelityFX\host\backends\hlsl\frameinterpolation\ffx_frameinterpolation_compute_inpainting_pyramid_pass.hlsl">
      <Filter>FidelityFX\host\backends\hlsl\frameinterpolation</Filter>
    </FxCompile>
    <FxCompile Include="FidelityFX\host\backends\hlsl\frameinterpolation\ffx_frameinterpolation_debug_view_pass.hlsl">
      <Filter>FidelityFX\host\backends\hlsl\frameinterpolation</Filter>
    </FxCompile>
    <FxCompile Include="FidelityFX\host\backends\hlsl\frameinterpolation\ffx_frameinterpolation_disocclusion_mask_pass.hlsl">
      <Filter>FidelityFX\host\backends\hlsl\frameinterpolation</Filter>
    </FxCompile>
    <FxCompile Include="FidelityFX\host\backends\hlsl\frameinterpolation\ffx_frameinterpolation_game_motion_vector_field_pass.hlsl">
      <Filter>FidelityFX\host\backends\hlsl\frameinterpolation</Filter>
    </FxCompile>
    <FxCompile Include="FidelityFX\host\backends\hlsl\frameinterpolation\ffx_frameinterpolation_inpainting_pass.hlsl">
      <Filter>FidelityFX\host\backends\hlsl\frameinterpolation</Filter>
    </FxCompile>
    <FxCompile Include="FidelityFX\host\backends\hlsl\frameinterpolation\ffx_frameinterpolation_optical_flow_vector_field_pass.hlsl">
      <Filter>FidelityFX\host\backends\hlsl\frameinterpolation</Filter>
    </FxCompile>
    <FxCompile Include="FidelityFX\host\backends\hlsl\frameinterpolation\ffx_frameinterpolation_pass.hlsl">
      <Filter>FidelityFX\host\backends\hlsl\frameinterpolation</Filter>
    </FxCompile>
    <FxCompile Include="FidelityFX\host\backends\hlsl\frameinterpolation\ffx_frameinterpolation_reconstruct_previous_depth_pass.hlsl">
      <Filter>FidelityFX\host\backends\hlsl\frameinterpolation</Filter>
    </FxCompile>
    <FxCompile Include="FidelityFX\host\backends\hlsl\frameinterpolation\ffx_frameinterpolation_setup_pass.hlsl">
      <Filter>FidelityFX\host\backends\hlsl\frameinterpolation</Filter>
    </FxCompile>
    <FxCompile Include="FidelityFX\host\backends\blob_accessors\permutations\ffx_frameinterpolation_compute_game_vector_field_inpainting_pyramid_pass_16bit_permutations_0.hlsl">
      <Filter>FidelityFX\host\backends\blob_accessors\permutations</Filter>
    </FxCompile>
    <FxCompile Include="FidelityFX\host\backends\blob_accessors\permutations\ffx_frameinterpolation_compute_game_vector_field_inpainting_pyramid_pass_16bit_permutations_1.hlsl">
      <Filter>FidelityFX\host\backends\blob_accessors\permutations</Filter>
    </FxCompile>
    <FxCompile Include="FidelityFX\host\backends\blob_accessors\permutations\ffx_frameinterpolation_compute_game_vector_field_inpainting_pyramid_pass_permutations_0.hlsl">
      <Filter>FidelityFX\host\backends\blob_accessors\permutations</Filter>
    </FxCompile>
    <FxCompile Include="FidelityFX\host\backends\blob_accessors\permutations\ffx_frameinterpolation_compute_game_vector_field_inpainting_pyramid_pass_permutations_1.hlsl">
      <Filter>FidelityFX\host\backends\blob_accessors\permutations</Filter>
    </FxCompile>
    <FxCompile Include="FidelityFX\host\backends\blob_accessors\permutations\ffx_frameinterpolation_compute_inpainting_pyramid_pass_16bit_permutations_0.hlsl">
      <Filter>FidelityFX\host\backends\blob_accessors\permutations</Filter>
    </FxCompile>
    <FxCompile Include="FidelityFX\host\backends\blob_accessors\permutations\ffx_frameinterpolation_compute_inpainting_pyramid_pass_16bit_permutations_1.hlsl">
      <Filter>FidelityFX\host\backends\blob_accessors\permutations</Filter>
    </FxCompile>
    <FxCompile Include="FidelityFX\host\backends\blob_accessors\permutations\ffx_frameinterpolation_compute_inpainting_pyramid_pass_permutations_0.hlsl">
      <Filter>FidelityFX\host\backends\blob_accessors\permutations</Filter>
    </FxCompile>
    <FxCompile Include="FidelityFX\host\backends\blob_accessors\permutations\ffx_frameinterpolation_compute_inpainting_pyramid_pass_permutations_1.hlsl">
      <Filter>FidelityFX\host\backends\blob_accessors\permutations</Filter>
    </FxCompile>
    <FxCompile Include="FidelityFX\host\backends\blob_accessors\permutations\ffx_frameinterpolation_disocclusion_mask_pass_16bit_permutations_0.hlsl">
      <Filter>FidelityFX\host\backends\blob_accessors\permutations</Filter>
    </FxCompile>
    <FxCompile Include="FidelityFX\host\backends\blob_accessors\permutations\ffx_frameinterpolation_disocclusion_mask_pass_16bit_permutations_1.hlsl">
      <Filter>FidelityFX\host\backends\blob_accessors\permutations</Filter>
    </FxCompile>
    <FxCompile Include="FidelityFX\host\backends\blob_accessors\permutations\ffx_frameinterpolation_disocclusion_mask_pass_permutations_0.hlsl">
      <Filter>FidelityFX\host\backends\blob_accessors\permutations</Filter>
    </FxCompile>
    <FxCompile Include="FidelityFX\host\backends\blob_accessors\permutations\ffx_frameinterpolation_disocclusion_mask_pass_permutations_1.hlsl">
      <Filter>FidelityFX\host\backends\blob_accessors\permutations</Filter>
    </FxCompile>
    <FxCompile Include="FidelityFX\host\backends\blob_accessors\permutations\ffx_frameinterpolation_inpainting_pass_16bit_permutations_0.hlsl">
      <Filter>FidelityFX\host\backends\blob_accessors\permutations</Filter>
    </FxCompile>
    <FxCompile Include="FidelityFX\host\backends\blob_accessors\permutations\ffx_frameinterpolation_inpainting_pass_16bit_permutations_1.hlsl">
      <Filter>FidelityFX\host\backends\blob_accessors\permutations</Filter>
    </FxCompile>
    <FxCompile Include="FidelityFX\host\backends\blob_accessors\permutations\ffx_frameinterpolation_inpainting_pass_permutations_0.hlsl">
      <Filter>FidelityFX\host\backends\blob_accessors\permutations</Filter>
    </FxCompile>
    <FxCompile Include="FidelityFX\host\backends\blob_accessors\permutations\ffx_frameinterpolation_inpainting_pass_permutations_1.hlsl">
      <Filter>FidelityFX\host\backends\blob_accessors\permutations</Filter>
    </FxCompile>
    <FxCompile Include="FidelityFX\host\backends\blob_accessors\permutations\ffx_frameinterpolation_optical_flow_vector_field_pass_16bit_permutations_0.hlsl">
      <Filter>FidelityFX\host\backends\blob_accessors\permutations</Filter>
    </FxCompile>
    <FxCompile Include="FidelityFX\host\backends\blob_accessors\permutations\ffx_frameinterpolation_optical_flow_vector_field_pass_16bit_permutations_1.hlsl">
      <Filter>FidelityFX\host\backends\blob_accessors\permutations</Filter>
    </FxCompile>
    <FxCompile Include="FidelityFX\host\backends\blob_accessors\permutations\ffx_frameinterpolation_optical_flow_vector_field_pass_permutations_0.hlsl">
      <Filter>FidelityFX\host\backends\blob_accessors\permutations</Filter>
    </FxCompile>
    <FxCompile Include="FidelityFX\host\backends\blob_accessors\permutations\ffx_frameinterpolation_optical_flow_vector_field_pass_permutations_1.hlsl">
      <Filter>FidelityFX\host\backends\blob_accessors\permutations</Filter>
    </FxCompile>
    <FxCompile Include="FidelityFX\host\backends\blob_accessors\permutations\ffx_frameinterpolation_pass_16bit_permutations_0.hlsl">
      <Filter>FidelityFX\host\backends\blob_accessors\permutations</Filter>
    </FxCompile>
    <FxCompile Include="FidelityFX\host\backends\blob_accessors\permutations\ffx_frameinterpolation_pass_16bit_permutations_1.hlsl">
      <Filter>FidelityFX\host\backends\blob_accessors\permutations</Filter>
    </FxCompile>
    <FxCompile Include="FidelityFX\host\backends\blob_accessors\permutations\ffx_frameinterpolation_pass_permutations_0.hlsl">
      <Filter>FidelityFX\host\backends\blob_accessors\permutations</Filter>
    </FxCompile>
    <FxCompile Include="FidelityFX\host\backends\blob_accessors\permutations\ffx_frameinterpolation_pass_permutations_1.hlsl">
      <Filter>FidelityFX\host\backends\blob_accessors\permutations</Filter>
    </FxCompile>
    <FxCompile Include="FidelityFX\host\backends\blob_accessors\permutations\ffx_frameinterpolation_reconstruct_previous_depth_pass_16bit_permutations_0.hlsl">
      <Filter>FidelityFX\host\backends\blob_accessors\permutations</Filter>
    </FxCompile>
    <FxCompile Include="FidelityFX\host\backends\blob_accessors\permutations\ffx_frameinterpolation_reconstruct_previous_depth_pass_16bit_permutations_1.hlsl">
      <Filter>FidelityFX\host\backends\blob_accessors\permutations</Filter>
    </FxCompile>
    <FxCompile Include="FidelityFX\host\backends\blob_accessors\permutations\ffx_frameinterpolation_reconstruct_previous_depth_pass_permutations_0.hlsl">
      <Filter>FidelityFX\host\backends\blob_accessors\permutations</Filter>
    </FxCompile>
    <FxCompile Include="FidelityFX\host\backends\blob_accessors\permutations\ffx_frameinterpolation_reconstruct_previous_depth_pass_permutations_1.hlsl">
      <Filter>FidelityFX\host\backends\blob_accessors\permutations</Filter>
    </FxCompile>
    <FxCompile Include="FidelityFX\host\backends\blob_accessors\permutations\ffx_frameinterpolation_setup_pass_16bit_permutations_0.hlsl">
      <Filter>FidelityFX\host\backends\blob_accessors\permutations</Filter>
    </FxCompile>
    <FxCompile Include="FidelityFX\host\backends\blob_accessors\permutations\ffx_frameinterpolation_setup_pass_16bit_permutations_1.hlsl">
      <Filter>FidelityFX\host\backends\blob_accessors\permutations</Filter>
    </FxCompile>
    <FxCompile Include="FidelityFX\host\backends\blob_accessors\permutations\ffx_frameinterpolation_setup_pass_permutations_0.hlsl">
      <Filter>FidelityFX\host\backends\blob_accessors\permutations</Filter>
    </FxCompile>
    <FxCompile Include="FidelityFX\host\backends\blob_accessors\permutations\ffx_frameinterpolation_setup_pass_permutations_1.hlsl">
      <Filter>FidelityFX\host\backends\blob_accessors\permutations</Filter>
    </FxCompile>
    <FxCompile Include="FidelityFX\host\backends\blob_accessors\permutations\ffx_frameinterpolation_debug_view_pass_16bit_permutations_0.hlsl">
      <Filter>FidelityFX\host\backends\blob_accessors\permutations</Filter>
    </FxCompile>
    <FxCompile Include="FidelityFX\host\backends\blob_accessors\permutations\ffx_frameinterpolation_debug_view_pass_16bit_permutations_1.hlsl">
      <Filter>FidelityFX\host\backends\blob_accessors\permutations</Filter>
    </FxCompile>
    <FxCompile Include="FidelityFX\host\backends\blob_accessors\permutations\ffx_frameinterpolation_debug_view_pass_permutations_0.hlsl">
      <Filter>FidelityFX\host\backends\blob_accessors\permutations</Filter>
    </FxCompile>
    <FxCompile Include="FidelityFX\host\backends\blob_accessors\permutations\ffx_frameinterpolation_debug_view_pass_permutations_1.hlsl">
      <Filter>FidelityFX\host\backends\blob_accessors\permutations</Filter>
    </FxCompile>
    <FxCompile Include="FidelityFX\host\backends\blob_accessors\permutations\ffx_frameinterpolation_game_motion_vector_field_pass_16bit_permutations_0.hlsl">
      <Filter>FidelityFX\host\backends\blob_accessors\permutations</Filter>
    </FxCompile>
    <FxCompile Include="FidelityFX\host\backends\blob_accessors\permutations\ffx_frameinterpolation_game_motion_vector_field_pass_16bit_permutations_1.hlsl">
      <Filter>FidelityFX\host\backends\blob_accessors\permutations</Filter>
    </FxCompile>
    <FxCompile Include="FidelityFX\host\backends\blob_accessors\permutations\ffx_frameinterpolation_game_motion_vector_field_pass_permutations_0.hlsl">
      <Filter>FidelityFX\host\backends\blob_accessors\permutations</Filter>
    </FxCompile>
    <FxCompile Include="FidelityFX\host\backends\blob_accessors\permutations\ffx_frameinterpolation_game_motion_vector_field_pass_permutations_1.hlsl">
      <Filter>FidelityFX\host\backends\blob_accessors\permutations</Filter>
    </FxCompile>
    <FxCompile Include="FidelityFX\host\backends\blob_accessors\permutations\ffx_frameinterpolation_reconstruct_and_dilate_pass_16bit_permutations_0.hlsl">
      <Filter>FidelityFX\host\backends\blob_accessors\permutations</Filter>
    </FxCompile>
    <FxCompile Include="FidelityFX\host\backends\blob_accessors\permutations\ffx_frameinterpolation_reconstruct_and_dilate_pass_16bit_permutations_1.hlsl">
      <Filter>FidelityFX\host\backends\blob_accessors\permutations</Filter>
    </FxCompile>
    <FxCompile Include="FidelityFX\host\backends\blob_accessors\permutations\ffx_frameinterpolation_reconstruct_and_dilate_pass_permutations_0.hlsl">
      <Filter>FidelityFX\host\backends\blob_accessors\permutations</Filter>
    </FxCompile>
    <FxCompile Include="FidelityFX\host\backends\blob_accessors\permutations\ffx_frameinterpolation_reconstruct_and_dilate_pass_permutations_1.hlsl">
      <Filter>FidelityFX\host\backends\blob_accessors\permutations</Filter>
    </FxCompile>
    <FxCompile Include="FidelityFX\host\backends\blob_accessors\permutations_amd\amd_frameinterpolation_compute_game_vector_field_inpainting_pyramid_pass_16bit_permutations_0.hlsl">
      <Filter>FidelityFX\host\backends\blob_accessors\permutations_amd</Filter>
    </FxCompile>
    <FxCompile Include="FidelityFX\host\backends\blob_accessors\permutations_amd\amd_frameinterpolation_compute_game_vector_field_inpainting_pyramid_pass_16bit_permutations_1.hlsl">
      <Filter>FidelityFX\host\backends\blob_accessors\permutations_amd</Filter>
    </FxCompile>
    <FxCompile Include="FidelityFX\host\backends\blob_accessors\permutations_amd\amd_frameinterpolation_compute_game_vector_field_inpainting_pyramid_pass_permutations_0.hlsl">
      <Filter>FidelityFX\host\backends\blob_accessors\permutations_amd</Filter>
    </FxCompile>
    <FxCompile Include="FidelityFX\host\backends\blob_accessors\permutations_amd\amd_frameinterpolation_compute_game_vector_field_inpainting_pyramid_pass_permutations_1.hlsl">
      <Filter>FidelityFX\host\backends\blob_accessors\permutations_amd</Filter>
    </FxCompile>
    <FxCompile Include="FidelityFX\host\backends\blob_accessors\permutations_amd\amd_frameinterpolation_compute_inpainting_pyramid_pass_16bit_permutations_0.hlsl">
      <Filter>FidelityFX\host\backends\blob_accessors\permutations_amd</Filter>
    </FxCompile>
    <FxCompile Include="FidelityFX\host\backends\blob_accessors\permutations_amd\amd_frameinterpolation_compute_inpainting_pyramid_pass_16bit_permutations_1.hlsl">
      <Filter>FidelityFX\host\backends\blob_accessors\permutations_amd</Filter>
    </FxCompile>
    <FxCompile Include="FidelityFX\host\backends\blob_accessors\permutations_amd\amd_frameinterpolation_compute_inpainting_pyramid_pass_permutations_0.hlsl">
      <Filter>FidelityFX\host\backends\blob_accessors\permutations_amd</Filter>
    </FxCompile>
    <FxCompile Include="FidelityFX\host\backends\blob_accessors\permutations_amd\amd_frameinterpolation_compute_inpainting_pyramid_pass_permutations_1.hlsl">
      <Filter>FidelityFX\host\backends\blob_accessors\permutations_amd</Filter>
    </FxCompile>
    <FxCompile Include="FidelityFX\host\backends\blob_accessors\permutations_nvidia\nv_frameinterpolation_compute_game_vector_field_inpainting_pyramid_pass_16bit_permutations_0.hlsl">
      <Filter>FidelityFX\host\backends\blob_accessors\permutations_nvidia</Filter>
    </FxCompile>
    <FxCompile Include="FidelityFX\host\backends\blob_accessors\permutations_nvidia\nv_frameinterpolation_compute_game_vector_field_inpainting_pyramid_pass_16bit_permutations_1.hlsl">
      <Filter>FidelityFX\host\backends\blob_accessors\permutations_nvidia</Filter>
    </FxCompile>
    <FxCompile Include="FidelityFX\host\backends\blob_accessors\permutations_nvidia\nv_frameinterpolation_compute_game_vector_field_inpainting_pyramid_pass_permutations_0.hlsl">
      <Filter>FidelityFX\host\backends\blob_accessors\permutations_nvidia</Filter>
    </FxCompile>
    <FxCompile Include="FidelityFX\host\backends\blob_accessors\permutations_nvidia\nv_frameinterpolation_compute_game_vector_field_inpainting_pyramid_pass_permutations_1.hlsl">
      <Filter>FidelityFX\host\backends\blob_accessors\permutations_nvidia</Filter>
    </FxCompile>
    <FxCompile Include="FidelityFX\host\backends\blob_accessors\permutations_nvidia\nv_frameinterpolation_compute_inpainting_pyramid_pass_16bit_permutations_0.hlsl">
      <Filter>FidelityFX\host\backends\blob_accessors\permutations_nvidia</Filter>
    </FxCompile>
    <FxCompile Include="FidelityFX\host\backends\blob_accessors\permutations_nvidia\nv_frameinterpolation_compute_inpainting_pyramid_pass_16bit_permutations_1.hlsl">
      <Filter>FidelityFX\host\backends\blob_accessors\permutations_nvidia</Filter>
    </FxCompile>
    <FxCompile Include="FidelityFX\host\backends\blob_accessors\permutations_nvidia\nv_frameinterpolation_compute_inpainting_pyramid_pass_permutations_0.hlsl">
      <Filter>FidelityFX\host\backends\blob_accessors\permutations_nvidia</Filter>
    </FxCompile>
    <FxCompile Include="FidelityFX\host\backends\blob_accessors\permutations_nvidia\nv_frameinterpolation_compute_inpainting_pyramid_pass_permutations_1.hlsl">
      <Filter>FidelityFX\host\backends\blob_accessors\permutations_nvidia</Filter>
    </FxCompile>
  </ItemGroup>
</Project>